
Microsoft Visual Studio Solution File, Format Version 12.00
# Visual Studio 15
VisualStudioVersion = 15.0.27428.2015
MinimumVisualStudioVersion = 10.0.40219.1
Project("{8BC9CEB8-8B4A-11D0-8D11-00A0C91BC942}") = "PeepSimRaw", "PeepSimRaw.vcxproj", "{DA4BA383-0FC6-494C-8551-82FE4AAC81BE}"
EndProject
Global
	GlobalSection(SolutionConfigurationPlatforms) = preSolution
		Debug|x64 = Debug|x64
		Debug|x86 = Debug|x86
		Release|x64 = Release|x64
		Release|x86 = Release|x86
	EndGlobalSection
	GlobalSection(ProjectConfigurationPlatforms) = postSolution
		{DA4BA383-0FC6-494C-8551-82FE4AAC81BE}.Debug|x64.ActiveCfg = Debug|x64
		{DA4BA383-0FC6-494C-8551-82FE4AAC81BE}.Debug|x64.Build.0 = Debug|x64
		{DA4BA383-0FC6-494C-8551-82FE4AAC81BE}.Debug|x86.ActiveCfg = Debug|Win32
		{DA4BA383-0FC6-494C-8551-82FE4AAC81BE}.Debug|x86.Build.0 = Debug|Win32
		{DA4BA383-0FC6-494C-8551-82FE4AAC81BE}.Release|x64.ActiveCfg = Release|x64
		{DA4BA383-0FC6-494C-8551-82FE4AAC81BE}.Release|x64.Build.0 = Release|x64
		{DA4BA383-0FC6-494C-8551-82FE4AAC81BE}.Release|x86.ActiveCfg = Release|Win32
		{DA4BA383-0FC6-494C-8551-82FE4AAC81BE}.Release|x86.Build.0 = Release|Win32
	EndGlobalSection
	GlobalSection(SolutionProperties) = preSolution
		HideSolutionNode = FALSE
	EndGlobalSection
	GlobalSection(ExtensibilityGlobals) = postSolution
		SolutionGuid = {E73C12CF-C285-4DAA-810D-47100AB96D23}
	EndGlobalSection
EndGlobal
